// !$*UTF8*$!
{
	archiveVersion = 1;
	classes = {
	};
	objectVersion = 50;
	objects = {

/* Begin PBXBuildFile section */
		726397EF268DE98F0000BBFC /* AppDelegate.swift in Sources */ = {isa = PBXBuildFile; fileRef = 726397EE268DE98F0000BBFC /* AppDelegate.swift */; };
		726397F1268DE98F0000BBFC /* SceneDelegate.swift in Sources */ = {isa = PBXBuildFile; fileRef = 726397F0268DE98F0000BBFC /* SceneDelegate.swift */; };
		726397F3268DE98F0000BBFC /* ProductTableVC.swift in Sources */ = {isa = PBXBuildFile; fileRef = 726397F2268DE98F0000BBFC /* ProductTableVC.swift */; };
		726397F6268DE98F0000BBFC /* Main.storyboard in Resources */ = {isa = PBXBuildFile; fileRef = 726397F4268DE98F0000BBFC /* Main.storyboard */; };
		726397F8268DE9920000BBFC /* Assets.xcassets in Resources */ = {isa = PBXBuildFile; fileRef = 726397F7268DE9920000BBFC /* Assets.xcassets */; };
		726397FB268DE9920000BBFC /* LaunchScreen.storyboard in Resources */ = {isa = PBXBuildFile; fileRef = 726397F9268DE9920000BBFC /* LaunchScreen.storyboard */; };
		72639804268DECDA0000BBFC /* Product.swift in Sources */ = {isa = PBXBuildFile; fileRef = 72639803268DECDA0000BBFC /* Product.swift */; };
		72FA2607268ED66A0047D33F /* SingletonCart.swift in Sources */ = {isa = PBXBuildFile; fileRef = 72FA2606268ED66A0047D33F /* SingletonCart.swift */; };
		72FA260D268ED7D80047D33F /* CartTableVC.swift in Sources */ = {isa = PBXBuildFile; fileRef = 72FA260C268ED7D80047D33F /* CartTableVC.swift */; };
		72FA2613268F18CE0047D33F /* CartTableViewCell.swift in Sources */ = {isa = PBXBuildFile; fileRef = 72FA2612268F18CE0047D33F /* CartTableViewCell.swift */; };
/* End PBXBuildFile section */

/* Begin PBXFileReference section */
		726397EB268DE98F0000BBFC /* Midterm_report.app */ = {isa = PBXFileReference; explicitFileType = wrapper.application; includeInIndex = 0; path = Midterm_report.app; sourceTree = BUILT_PRODUCTS_DIR; };
		726397EE268DE98F0000BBFC /* AppDelegate.swift */ = {isa = PBXFileReference; lastKnownFileType = sourcecode.swift; path = AppDelegate.swift; sourceTree = "<group>"; };
		726397F0268DE98F0000BBFC /* SceneDelegate.swift */ = {isa = PBXFileReference; lastKnownFileType = sourcecode.swift; path = SceneDelegate.swift; sourceTree = "<group>"; };
		726397F2268DE98F0000BBFC /* ProductTableVC.swift */ = {isa = PBXFileReference; lastKnownFileType = sourcecode.swift; path = ProductTableVC.swift; sourceTree = "<group>"; };
		726397F5268DE98F0000BBFC /* Base */ = {isa = PBXFileReference; lastKnownFileType = file.storyboard; name = Base; path = Base.lproj/Main.storyboard; sourceTree = "<group>"; };
		726397F7268DE9920000BBFC /* Assets.xcassets */ = {isa = PBXFileReference; lastKnownFileType = folder.assetcatalog; path = Assets.xcassets; sourceTree = "<group>"; };
		726397FA268DE9920000BBFC /* Base */ = {isa = PBXFileReference; lastKnownFileType = file.storyboard; name = Base; path = Base.lproj/LaunchScreen.storyboard; sourceTree = "<group>"; };
		726397FC268DE9920000BBFC /* Info.plist */ = {isa = PBXFileReference; lastKnownFileType = text.plist.xml; path = Info.plist; sourceTree = "<group>"; };
		72639803268DECDA0000BBFC /* Product.swift */ = {isa = PBXFileReference; lastKnownFileType = sourcecode.swift; path = Product.swift; sourceTree = "<group>"; };
		72FA2606268ED66A0047D33F /* SingletonCart.swift */ = {isa = PBXFileReference; lastKnownFileType = sourcecode.swift; path = SingletonCart.swift; sourceTree = "<group>"; };
		72FA260C268ED7D80047D33F /* CartTableVC.swift */ = {isa = PBXFileReference; lastKnownFileType = sourcecode.swift; path = CartTableVC.swift; sourceTree = "<group>"; };
		72FA2612268F18CE0047D33F /* CartTableViewCell.swift */ = {isa = PBXFileReference; lastKnownFileType = sourcecode.swift; path = CartTableViewCell.swift; sourceTree = "<group>"; };
/* End PBXFileReference section */

/* Begin PBXFrameworksBuildPhase section */
		726397E8268DE98F0000BBFC /* Frameworks */ = {
			isa = PBXFrameworksBuildPhase;
			buildActionMask = 2147483647;
			files = (
			);
			runOnlyForDeploymentPostprocessing = 0;
		};
/* End PBXFrameworksBuildPhase section */

/* Begin PBXGroup section */
		726397E2268DE98F0000BBFC = {
			isa = PBXGroup;
			children = (
				726397ED268DE98F0000BBFC /* Midterm_report */,
				726397EC268DE98F0000BBFC /* Products */,
			);
			sourceTree = "<group>";
		};
		726397EC268DE98F0000BBFC /* Products */ = {
			isa = PBXGroup;
			children = (
				726397EB268DE98F0000BBFC /* Midterm_report.app */,
			);
			name = Products;
			sourceTree = "<group>";
		};
		726397ED268DE98F0000BBFC /* Midterm_report */ = {
			isa = PBXGroup;
			children = (
				726397EE268DE98F0000BBFC /* AppDelegate.swift */,
				726397F0268DE98F0000BBFC /* SceneDelegate.swift */,
				72FA260A268ED77B0047D33F /* Controllers */,
				72FA2611268F18A60047D33F /* Cell */,
				72639802268DEB6B0000BBFC /* Models */,
				72FA260B268ED7970047D33F /* View */,
				726397F7268DE9920000BBFC /* Assets.xcassets */,
				726397F9268DE9920000BBFC /* LaunchScreen.storyboard */,
				726397FC268DE9920000BBFC /* Info.plist */,
			);
			path = Midterm_report;
			sourceTree = "<group>";
		};
		72639802268DEB6B0000BBFC /* Models */ = {
			isa = PBXGroup;
			children = (
				72639803268DECDA0000BBFC /* Product.swift */,
				72FA2606268ED66A0047D33F /* SingletonCart.swift */,
			);
			path = Models;
			sourceTree = "<group>";
		};
		72FA260A268ED77B0047D33F /* Controllers */ = {
			isa = PBXGroup;
			children = (
				726397F2268DE98F0000BBFC /* ProductTableVC.swift */,
				72FA260C268ED7D80047D33F /* CartTableVC.swift */,
			);
			path = Controllers;
			sourceTree = "<group>";
		};
		72FA260B268ED7970047D33F /* View */ = {
			isa = PBXGroup;
			children = (
				726397F4268DE98F0000BBFC /* Main.storyboard */,
			);
			path = View;
			sourceTree = "<group>";
		};
		72FA2611268F18A60047D33F /* Cell */ = {
			isa = PBXGroup;
			children = (
				72FA2612268F18CE0047D33F /* CartTableViewCell.swift */,
			);
			path = Cell;
			sourceTree = "<group>";
		};
/* End PBXGroup section */

/* Begin PBXNativeTarget section */
		726397EA268DE98F0000BBFC /* Midterm_report */ = {
			isa = PBXNativeTarget;
			buildConfigurationList = 726397FF268DE9920000BBFC /* Build configuration list for PBXNativeTarget "Midterm_report" */;
			buildPhases = (
				726397E7268DE98F0000BBFC /* Sources */,
				726397E8268DE98F0000BBFC /* Frameworks */,
				726397E9268DE98F0000BBFC /* Resources */,
			);
			buildRules = (
			);
			dependencies = (
			);
			name = Midterm_report;
			productName = Midterm_report;
			productReference = 726397EB268DE98F0000BBFC /* Midterm_report.app */;
			productType = "com.apple.product-type.application";
		};
/* End PBXNativeTarget section */

/* Begin PBXProject section */
		726397E3268DE98F0000BBFC /* Project object */ = {
			isa = PBXProject;
			attributes = {
				LastSwiftUpdateCheck = 1250;
				LastUpgradeCheck = 1250;
				TargetAttributes = {
					726397EA268DE98F0000BBFC = {
						CreatedOnToolsVersion = 12.5;
					};
				};
			};
			buildConfigurationList = 726397E6268DE98F0000BBFC /* Build configuration list for PBXProject "Midterm_report" */;
			compatibilityVersion = "Xcode 9.3";
			developmentRegion = en;
			hasScannedForEncodings = 0;
			knownRegions = (
				en,
				Base,
			);
			mainGroup = 726397E2268DE98F0000BBFC;
			productRefGroup = 726397EC268DE98F0000BBFC /* Products */;
			projectDirPath = "";
			projectRoot = "";
			targets = (
				726397EA268DE98F0000BBFC /* Midterm_report */,
			);
		};
/* End PBXProject section */

/* Begin PBXResourcesBuildPhase section */
		726397E9268DE98F0000BBFC /* Resources */ = {
			isa = PBXResourcesBuildPhase;
			buildActionMask = 2147483647;
			files = (
				726397FB268DE9920000BBFC /* LaunchScreen.storyboard in Resources */,
				726397F8268DE9920000BBFC /* Assets.xcassets in Resources */,
				726397F6268DE98F0000BBFC /* Main.storyboard in Resources */,
			);
			runOnlyForDeploymentPostprocessing = 0;
		};
/* End PBXResourcesBuildPhase section */

/* Begin PBXSourcesBuildPhase section */
		726397E7268DE98F0000BBFC /* Sources */ = {
			isa = PBXSourcesBuildPhase;
			buildActionMask = 2147483647;
			files = (
				72FA2613268F18CE0047D33F /* CartTableViewCell.swift in Sources */,
				726397F3268DE98F0000BBFC /* ProductTableVC.swift in Sources */,
				72639804268DECDA0000BBFC /* Product.swift in Sources */,
				726397EF268DE98F0000BBFC /* AppDelegate.swift in Sources */,
				726397F1268DE98F0000BBFC /* SceneDelegate.swift in Sources */,
				72FA2607268ED66A0047D33F /* SingletonCart.swift in Sources */,
				72FA260D268ED7D80047D33F /* CartTableVC.swift in Sources */,
			);
			runOnlyForDeploymentPostprocessing = 0;
		};
/* End PBXSourcesBuildPhase section */

/* Begin PBXVariantGroup section */
		726397F4268DE98F0000BBFC /* Main.storyboard */ = {
			isa = PBXVariantGroup;
			children = (
				726397F5268DE98F0000BBFC /* Base */,
			);
			name = Main.storyboard;
			sourceTree = "<group>";
		};
		726397F9268DE9920000BBFC /* LaunchScreen.storyboard */ = {
			isa = PBXVariantGroup;
			children = (
				726397FA268DE9920000BBFC /* Base */,
			);
			name = LaunchScreen.storyboard;
			sourceTree = "<group>";
		};
/* End PBXVariantGroup section */

/* Begin XCBuildConfiguration section */
		726397FD268DE9920000BBFC /* Debug */ = {
			isa = XCBuildConfiguration;
			buildSettings = {
				ALWAYS_SEARCH_USER_PATHS = NO;
				CLANG_ANALYZER_NONNULL = YES;
				CLANG_ANALYZER_NUMBER_OBJECT_CONVERSION = YES_AGGRESSIVE;
				CLANG_CXX_LANGUAGE_STANDARD = "gnu++14";
				CLANG_CXX_LIBRARY = "libc++";
				CLANG_ENABLE_MODULES = YES;
				CLANG_ENABLE_OBJC_ARC = YES;
				CLANG_ENABLE_OBJC_WEAK = YES;
				CLANG_WARN_BLOCK_CAPTURE_AUTORELEASING = YES;
				CLANG_WARN_BOOL_CONVERSION = YES;
				CLANG_WARN_COMMA = YES;
				CLANG_WARN_CONSTANT_CONVERSION = YES;
				CLANG_WARN_DEPRECATED_OBJC_IMPLEMENTATIONS = YES;
				CLANG_WARN_DIRECT_OBJC_ISA_USAGE = YES_ERROR;
				CLANG_WARN_DOCUMENTATION_COMMENTS = YES;
				CLANG_WARN_EMPTY_BODY = YES;
				CLANG_WARN_ENUM_CONVERSION = YES;
				CLANG_WARN_INFINITE_RECURSION = YES;
				CLANG_WARN_INT_CONVERSION = YES;
				CLANG_WARN_NON_LITERAL_NULL_CONVERSION = YES;
				CLANG_WARN_OBJC_IMPLICIT_RETAIN_SELF = YES;
				CLANG_WARN_OBJC_LITERAL_CONVERSION = YES;
				CLANG_WARN_OBJC_ROOT_CLASS = YES_ERROR;
				CLANG_WARN_QUOTED_INCLUDE_IN_FRAMEWORK_HEADER = YES;
				CLANG_WARN_RANGE_LOOP_ANALYSIS = YES;
				CLANG_WARN_STRICT_PROTOTYPES = YES;
				CLANG_WARN_SUSPICIOUS_MOVE = YES;
				CLANG_WARN_UNGUARDED_AVAILABILITY = YES_AGGRESSIVE;
				CLANG_WARN_UNREACHABLE_CODE = YES;
				CLANG_WARN__DUPLICATE_METHOD_MATCH = YES;
				COPY_PHASE_STRIP = NO;
				DEBUG_INFORMATION_FORMAT = dwarf;
				ENABLE_STRICT_OBJC_MSGSEND = YES;
				ENABLE_TESTABILITY = YES;
				GCC_C_LANGUAGE_STANDARD = gnu11;
				GCC_DYNAMIC_NO_PIC = NO;
				GCC_NO_COMMON_BLOCKS = YES;
				GCC_OPTIMIZATION_LEVEL = 0;
				GCC_PREPROCESSOR_DEFINITIONS = (
					"DEBUG=1",
					"$(inherited)",
				);
				GCC_WARN_64_TO_32_BIT_CONVERSION = YES;
				GCC_WARN_ABOUT_RETURN_TYPE = YES_ERROR;
				GCC_WARN_UNDECLARED_SELECTOR = YES;
				GCC_WARN_UNINITIALIZED_AUTOS = YES_AGGRESSIVE;
				GCC_WARN_UNUSED_FUNCTION = YES;
				GCC_WARN_UNUSED_VARIABLE = YES;
				IPHONEOS_DEPLOYMENT_TARGET = 14.5;
				MTL_ENABLE_DEBUG_INFO = INCLUDE_SOURCE;
				MTL_FAST_MATH = YES;
				ONLY_ACTIVE_ARCH = YES;
				SDKROOT = iphoneos;
				SWIFT_ACTIVE_COMPILATION_CONDITIONS = DEBUG;
				SWIFT_OPTIMIZATION_LEVEL = "-Onone";
			};
			name = Debug;
		};
		726397FE268DE9920000BBFC /* Release */ = {
			isa = XCBuildConfiguration;
			buildSettings = {
				ALWAYS_SEARCH_USER_PATHS = NO;
				CLANG_ANALYZER_NONNULL = YES;
				CLANG_ANALYZER_NUMBER_OBJECT_CONVERSION = YES_AGGRESSIVE;
				CLANG_CXX_LANGUAGE_STANDARD = "gnu++14";
				CLANG_CXX_LIBRARY = "libc++";
				CLANG_ENABLE_MODULES = YES;
				CLANG_ENABLE_OBJC_ARC = YES;
				CLANG_ENABLE_OBJC_WEAK = YES;
				CLANG_WARN_BLOCK_CAPTURE_AUTORELEASING = YES;
				CLANG_WARN_BOOL_CONVERSION = YES;
				CLANG_WARN_COMMA = YES;
				CLANG_WARN_CONSTANT_CONVERSION = YES;
				CLANG_WARN_DEPRECATED_OBJC_IMPLEMENTATIONS = YES;
				CLANG_WARN_DIRECT_OBJC_ISA_USAGE = YES_ERROR;
				CLANG_WARN_DOCUMENTATION_COMMENTS = YES;
				CLANG_WARN_EMPTY_BODY = YES;
				CLANG_WARN_ENUM_CONVERSION = YES;
				CLANG_WARN_INFINITE_RECURSION = YES;
				CLANG_WARN_INT_CONVERSION = YES;
				CLANG_WARN_NON_LITERAL_NULL_CONVERSION = YES;
				CLANG_WARN_OBJC_IMPLICIT_RETAIN_SELF = YES;
				CLANG_WARN_OBJC_LITERAL_CONVERSION = YES;
				CLANG_WARN_OBJC_ROOT_CLASS = YES_ERROR;
				CLANG_WARN_QUOTED_INCLUDE_IN_FRAMEWORK_HEADER = YES;
				CLANG_WARN_RANGE_LOOP_ANALYSIS = YES;
				CLANG_WARN_STRICT_PROTOTYPES = YES;
				CLANG_WARN_SUSPICIOUS_MOVE = YES;
				CLANG_WARN_UNGUARDED_AVAILABILITY = YES_AGGRESSIVE;
				CLANG_WARN_UNREACHABLE_CODE = YES;
				CLANG_WARN__DUPLICATE_METHOD_MATCH = YES;
				COPY_PHASE_STRIP = NO;
				DEBUG_INFORMATION_FORMAT = "dwarf-with-dsym";
				ENABLE_NS_ASSERTIONS = NO;
				ENABLE_STRICT_OBJC_MSGSEND = YES;
				GCC_C_LANGUAGE_STANDARD = gnu11;
				GCC_NO_COMMON_BLOCKS = YES;
				GCC_WARN_64_TO_32_BIT_CONVERSION = YES;
				GCC_WARN_ABOUT_RETURN_TYPE = YES_ERROR;
				GCC_WARN_UNDECLARED_SELECTOR = YES;
				GCC_WARN_UNINITIALIZED_AUTOS = YES_AGGRESSIVE;
				GCC_WARN_UNUSED_FUNCTION = YES;
				GCC_WARN_UNUSED_VARIABLE = YES;
				IPHONEOS_DEPLOYMENT_TARGET = 14.5;
				MTL_ENABLE_DEBUG_INFO = NO;
				MTL_FAST_MATH = YES;
				SDKROOT = iphoneos;
				SWIFT_COMPILATION_MODE = wholemodule;
				SWIFT_OPTIMIZATION_LEVEL = "-O";
				VALIDATE_PRODUCT = YES;
			};
			name = Release;
		};
		72639800268DE9920000BBFC /* Debug */ = {
			isa = XCBuildConfiguration;
			buildSettings = {
				ASSETCATALOG_COMPILER_APPICON_NAME = AppIcon;
				ASSETCATALOG_COMPILER_GLOBAL_ACCENT_COLOR_NAME = AccentColor;
				CODE_SIGN_STYLE = Automatic;
				DEVELOPMENT_TEAM = LAQ936FAM8;
				INFOPLIST_FILE = Midterm_report/Info.plist;
				LD_RUNPATH_SEARCH_PATHS = (
					"$(inherited)",
					"@executable_path/Frameworks",
				);
				PRODUCT_BUNDLE_IDENTIFIER = "com.miketsai.Midterm-report";
				PRODUCT_NAME = "$(TARGET_NAME)";
				SWIFT_VERSION = 5.0;
				TARGETED_DEVICE_FAMILY = "1,2";
			};
			name = Debug;
		};
		72639801268DE9920000BBFC /* Release */ = {
			isa = XCBuildConfiguration;
			buildSettings = {
				ASSETCATALOG_COMPILER_APPICON_NAME = AppIcon;
				ASSETCATALOG_COMPILER_GLOBAL_ACCENT_COLOR_NAME = AccentColor;
				CODE_SIGN_STYLE = Automatic;
				DEVELOPMENT_TEAM = LAQ936FAM8;
				INFOPLIST_FILE = Midterm_report/Info.plist;
				LD_RUNPATH_SEARCH_PATHS = (
					"$(inherited)",
					"@executable_path/Frameworks",
				);
				PRODUCT_BUNDLE_IDENTIFIER = "com.miketsai.Midterm-report";
				PRODUCT_NAME = "$(TARGET_NAME)";
				SWIFT_VERSION = 5.0;
				TARGETED_DEVICE_FAMILY = "1,2";
			};
			name = Release;
		};
/* End XCBuildConfiguration section */

/* Begin XCConfigurationList section */
		726397E6268DE98F0000BBFC /* Build configuration list for PBXProject "Midterm_report" */ = {
			isa = XCConfigurationList;
			buildConfigurations = (
				726397FD268DE9920000BBFC /* Debug */,
				726397FE268DE9920000BBFC /* Release */,
			);
			defaultConfigurationIsVisible = 0;
			defaultConfigurationName = Release;
		};
		726397FF268DE9920000BBFC /* Build configuration list for PBXNativeTarget "Midterm_report" */ = {
			isa = XCConfigurationList;
			buildConfigurations = (
				72639800268DE9920000BBFC /* Debug */,
				72639801268DE9920000BBFC /* Release */,
			);
			defaultConfigurationIsVisible = 0;
			defaultConfigurationName = Release;
		};
/* End XCConfigurationList section */
	};
	rootObject = 726397E3268DE98F0000BBFC /* Project object */;
}
